{
  "name": "bbot-findinpage",
  "version": "1.0.0",
  "lockfileVersion": 1,
  "requires": true,
  "dependencies": {
    "encoding": {
      "version": "0.1.12",
      "resolved": "https://registry.npmjs.org/encoding/-/encoding-0.1.12.tgz",
      "integrity": "sha1-U4tm8+5izRq1HsMjgp0flIDHS+s=",
      "dev": true,
      "requires": {
        "iconv-lite": "0.4.19"
      }
    },
    "iconv-lite": {
      "version": "0.4.19",
      "resolved": "https://registry.npmjs.org/iconv-lite/-/iconv-lite-0.4.19.tgz",
      "integrity": "sha512-oTZqweIP51xaGPI4uPa56/Pri/480R+mo7SeU+YETByQNhDG55ycFyNLIgta9vXhILrxXDmF7ZGhqZIcuN0gJQ==",
      "dev": true
    },
    "is-stream": {
      "version": "1.1.0",
      "resolved": "https://registry.npmjs.org/is-stream/-/is-stream-1.1.0.tgz",
      "integrity": "sha1-EtSj3U5o4Lec6428hBc66A2RykQ=",
      "dev": true
    },
    "isomorphic-fetch": {
      "version": "2.2.1",
      "resolved": "https://registry.npmjs.org/isomorphic-fetch/-/isomorphic-fetch-2.2.1.tgz",
      "integrity": "sha1-YRrhrPFPXoH3KVB0coGf6XM1WKk=",
      "dev": true,
      "requires": {
        "node-fetch": "1.7.3",
        "whatwg-fetch": "2.0.3"
      }
    },
    "micro": {
      "version": "9.0.0",
      "resolved": "https://registry.npmjs.org/micro/-/micro-9.0.0.tgz",
      "integrity": "sha1-wHAGpClwmb75x6SjGHEadyCaS3I=",
      "requires": {
        "is-stream": "1.1.0",
        "media-typer": "0.3.0",
        "mri": "1.1.0",
        "raw-body": "2.3.2"
      },
      "dependencies": {
        "is-stream": {
          "version": "1.1.0",
          "resolved": "https://registry.npmjs.org/is-stream/-/is-stream-1.1.0.tgz",
          "integrity": "sha1-EtSj3U5o4Lec6428hBc66A2RykQ="
        },
        "media-typer": {
          "version": "0.3.0",
          "resolved": "http://nexus.ni.news.com.au/nexus/content/groups/tangram-npm-all/media-typer/-/media-typer-0.3.0.tgz",
          "integrity": "sha1-hxDXrwqmJvj/+hzgAWhUUmMlV0g="
        },
        "mri": {
          "version": "1.1.0",
          "resolved": "https://registry.npmjs.org/mri/-/mri-1.1.0.tgz",
          "integrity": "sha1-XAo/KcjM/7ux7JQdzsCdcfoy82o="
        },
        "raw-body": {
          "version": "2.3.2",
          "resolved": "https://registry.npmjs.org/raw-body/-/raw-body-2.3.2.tgz",
          "integrity": "sha1-vNYMd9Prk83gBQKVw/N5OJvIj4k=",
          "requires": {
            "bytes": "3.0.0",
            "http-errors": "1.6.2",
            "iconv-lite": "0.4.19",
            "unpipe": "1.0.0"
          },
          "dependencies": {
            "bytes": {
              "version": "3.0.0",
              "resolved": "https://registry.npmjs.org/bytes/-/bytes-3.0.0.tgz",
              "integrity": "sha1-0ygVQE1olpn4Wk6k+odV3ROpYEg="
            },
            "http-errors": {
              "version": "1.6.2",
              "resolved": "https://registry.npmjs.org/http-errors/-/http-errors-1.6.2.tgz",
              "integrity": "sha1-CgAsyFcHGSp+eUbO7cERVfYOxzY=",
              "requires": {
                "depd": "1.1.1",
                "inherits": "2.0.3",
                "setprototypeof": "1.0.3",
                "statuses": "1.3.1"
              },
              "dependencies": {
                "depd": {
                  "version": "1.1.1",
                  "resolved": "http://nexus.ni.news.com.au/nexus/content/groups/tangram-npm-all/depd/-/depd-1.1.1.tgz",
                  "integrity": "sha1-V4O04cRZ8G+lyif5kfPQbnoxA1k="
                },
                "inherits": {
                  "version": "2.0.3",
                  "resolved": "http://nexus.ni.news.com.au/nexus/content/groups/tangram-npm-all/inherits/-/inherits-2.0.3.tgz",
                  "integrity": "sha1-Yzwsg+PaQqUC9SRmAiSA9CCCYd4="
                },
                "setprototypeof": {
                  "version": "1.0.3",
                  "resolved": "https://registry.npmjs.org/setprototypeof/-/setprototypeof-1.0.3.tgz",
                  "integrity": "sha1-ZlZ+NwQ+608E2RvWWMDL77VbjgQ="
                },
                "statuses": {
                  "version": "1.3.1",
                  "resolved": "http://nexus.ni.news.com.au/nexus/content/groups/tangram-npm-all/statuses/-/statuses-1.3.1.tgz",
                  "integrity": "sha1-+vUbnrdKrvOzrPStX2Gr8ky3uT4="
                }
              }
            },
            "iconv-lite": {
              "version": "0.4.19",
              "resolved": "https://registry.npmjs.org/iconv-lite/-/iconv-lite-0.4.19.tgz",
              "integrity": "sha1-90aPYBNfXl2tM5nAqBvpoWA6CCs="
            },
            "unpipe": {
              "version": "1.0.0",
              "resolved": "https://registry.npmjs.org/unpipe/-/unpipe-1.0.0.tgz",
              "integrity": "sha1-sr9O6FFKrmFltIF4KdIbLvSZBOw="
            }
          }
        }
      }
    },
    "node-fetch": {
      "version": "1.7.3",
      "resolved": "https://registry.npmjs.org/node-fetch/-/node-fetch-1.7.3.tgz",
      "integrity": "sha512-NhZ4CsKx7cYm2vSrBAr2PvFOe6sWDf0UYLRqA6svUYg7+/TSfVAu49jYC4BvQ4Sms9SZgdqGBgroqfDhJdTyKQ==",
      "dev": true,
      "requires": {
        "encoding": "0.1.12",
        "is-stream": "1.1.0"
      }
    },
    "whatwg-fetch": {
      "version": "2.0.3",
      "resolved": "https://registry.npmjs.org/whatwg-fetch/-/whatwg-fetch-2.0.3.tgz",
      "integrity": "sha1-nITsLc9oGH/wC8ZOEnS0QhduHIQ=",
      "dev": true
    },
    "yahoo-weather": {
      "version": "2.2.2",
      "resolved": "https://registry.npmjs.org/yahoo-weather/-/yahoo-weather-2.2.2.tgz",
      "integrity": "sha1-WlycQF1sSzKyHtVcRz8xYJTfO4Y=",
      "dev": true,
      "requires": {
        "isomorphic-fetch": "2.2.1"
      }
    }
  }
}
